
Microsoft Visual Studio Solution File, Format Version 12.00
# Visual Studio Version 17
VisualStudioVersion = 17.6.33829.357
MinimumVisualStudioVersion = 10.0.40219.1
Project("{FAE04EC0-301F-11D3-BF4B-00C04F79EFBC}") = "demosite", "demosite\demosite.csproj", "{9D149544-AED6-4BB7-9752-7CDF1EFF508C}"
EndProject
Global
	GlobalSection(SolutionConfigurationPlatforms) = preSolution
		Debug|Any CPU = Debug|Any CPU
		Release|Any CPU = Release|Any CPU
	EndGlobalSection
	GlobalSection(ProjectConfigurationPlatforms) = postSolution
		{9D149544-AED6-4BB7-9752-7CDF1EFF508C}.Debug|Any CPU.ActiveCfg = Debug|Any CPU
		{9D149544-AED6-4BB7-9752-7CDF1EFF508C}.Debug|Any CPU.Build.0 = Debug|Any CPU
		{9D149544-AED6-4BB7-9752-7CDF1EFF508C}.Release|Any CPU.ActiveCfg = Release|Any CPU
		{9D149544-AED6-4BB7-9752-7CDF1EFF508C}.Release|Any CPU.Build.0 = Release|Any CPU
	EndGlobalSection
	GlobalSection(SolutionProperties) = preSolution
		HideSolutionNode = FALSE
	EndGlobalSection
	GlobalSection(ExtensibilityGlobals) = postSolution
		SolutionGuid = {8D04E661-03FC-4012-89AE-B9B0D87B6E44}
	EndGlobalSection
EndGlobal
